<?xml version="1.0" encoding="UTF-8" standalone="yes" ?>
<CodeBlocks_project_file>
	<FileVersion major="1" minor="6" />
	<Project>
		<Option title="GEX" />
		<Option pch_mode="2" />
		<Option compiler="gcc" />
		<Build>
			<Target title="Debug">
				<Option output="bin/Debug/GEX" prefix_auto="1" extension_auto="1" />
				<Option object_output="obj/Debug/" />
				<Option type="1" />
				<Option compiler="gcc" />
				<Compiler>
					<Add option="-g" />
				</Compiler>
				<Linker>
					<Add library="sfml-graphics-d" />
					<Add library="sfml-window-d" />
					<Add library="sfml-system-d" />
					<Add library="opengl32" />
					<Add library="sfml-audio-d" />
				</Linker>
			</Target>
			<Target title="Release">
				<Option output="bin/Release/GEX" prefix_auto="1" extension_auto="1" />
				<Option object_output="obj/Release/" />
				<Option type="1" />
				<Option compiler="gcc" />
				<Compiler>
					<Add option="-O2" />
				</Compiler>
				<Linker>
					<Add option="-s" />
					<Add library="sfml-graphics" />
					<Add library="sfml-window" />
					<Add library="sfml-system" />
					<Add library="opengl32" />
					<Add library="sfml-audio" />
				</Linker>
			</Target>
		</Build>
		<Compiler>
			<Add option="-Wall" />
			<Add option="-DSFML_STATIC" />
			<Add directory="$(#sfml.include)" />
			<Add directory="C:/TDM-GCC-32/SFML-2.4.2-windows-gcc-4.9.2-tdm-32-bit/SFML-2.4.2/include" />
		</Compiler>
		<Linker>
			<Add directory="$(#sfml.lib)" />
			<Add directory="C:/TDM-GCC-32/SFML-2.4.2-windows-gcc-4.9.2-tdm-32-bit/SFML-2.4.2/lib" />
		</Linker>
		<Unit filename="actions.h" />
		<Unit filename="box.h" />
		<Unit filename="draw.h" />
		<Unit filename="fileload.h" />
		<Unit filename="ids.txt">
			<Option target="&lt;{~None~}&gt;" />
		</Unit>
		<Unit filename="init.h" />
		<Unit filename="main.cpp" />
		<Unit filename="savegame.h" />
		<Unit filename="sound.h" />
		<Unit filename="strange_things.h" />
		<Unit filename="structs.h" />
		<Extensions>
			<code_completion />
			<envvars />
			<debugger />
		</Extensions>
	</Project>
</CodeBlocks_project_file>
